
Microsoft Visual Studio Solution File, Format Version 12.00
# Visual Studio Version 17
VisualStudioVersion = 17.2.32602.215
MinimumVisualStudioVersion = 10.0.40219.1
Project("{FAE04EC0-301F-11D3-BF4B-00C04F79EFBC}") = "FinancialChat", "FinancialChat\FinancialChat.csproj", "{EBCCC8B3-4783-4652-8844-94B3725E662C}"
EndProject
Global
	GlobalSection(SolutionConfigurationPlatforms) = preSolution
		Debug|Any CPU = Debug|Any CPU
		Release|Any CPU = Release|Any CPU
	EndGlobalSection
	GlobalSection(ProjectConfigurationPlatforms) = postSolution
		{EBCCC8B3-4783-4652-8844-94B3725E662C}.Debug|Any CPU.ActiveCfg = Debug|Any CPU
		{EBCCC8B3-4783-4652-8844-94B3725E662C}.Debug|Any CPU.Build.0 = Debug|Any CPU
		{EBCCC8B3-4783-4652-8844-94B3725E662C}.Release|Any CPU.ActiveCfg = Release|Any CPU
		{EBCCC8B3-4783-4652-8844-94B3725E662C}.Release|Any CPU.Build.0 = Release|Any CPU
	EndGlobalSection
	GlobalSection(SolutionProperties) = preSolution
		HideSolutionNode = FALSE
	EndGlobalSection
	GlobalSection(ExtensibilityGlobals) = postSolution
		SolutionGuid = {EF8401C6-8A3A-4B89-98BB-ADA01C05241B}
	EndGlobalSection
EndGlobal
