
Microsoft Visual Studio Solution File, Format Version 12.00
# Visual Studio Version 17
VisualStudioVersion = 17.2.32602.215
MinimumVisualStudioVersion = 10.0.40219.1
Project("{9A19103F-16F7-4668-BE54-9A1E7A4F7556}") = "FinancialChat", "FinancialChat\FinancialChat.csproj", "{EBCCC8B3-4783-4652-8844-94B3725E662C}"
EndProject
Project("{9A19103F-16F7-4668-BE54-9A1E7A4F7556}") = "FinancialChat.Infrastructure", "FinancialChat.Infrastructure\FinancialChat.Infrastructure.csproj", "{4CDA087B-6C72-4AD7-99D4-E7C3E0E50F08}"
EndProject
Project("{9A19103F-16F7-4668-BE54-9A1E7A4F7556}") = "FinancialChat.Core", "FinancialChat.Core\FinancialChat.Core.csproj", "{B959E588-3BD8-4313-B5B0-1BABEECE8FF6}"
EndProject
Project("{9A19103F-16F7-4668-BE54-9A1E7A4F7556}") = "FinancialChat.Bot", "FinancialChat.Bot\FinancialChat.Bot.csproj", "{2F0A4BFE-71C2-4E43-B3E4-63D59CB63614}"
EndProject
Project("{9A19103F-16F7-4668-BE54-9A1E7A4F7556}") = "FinancialChat.Infrastructure.Test", "FinancialChat.Infrastructure.Test\FinancialChat.Infrastructure.Test.csproj", "{FE39AAFE-95A6-470D-92B9-2F95600F7E82}"
EndProject
Project("{FAE04EC0-301F-11D3-BF4B-00C04F79EFBC}") = "FinancialChat.Bussiness", "FinancialChat.Bussiness\FinancialChat.Bussiness.csproj", "{ECEE2DA0-4ACF-49FE-B83E-54BD3AEB4A0B}"
EndProject
Global
	GlobalSection(SolutionConfigurationPlatforms) = preSolution
		Debug|Any CPU = Debug|Any CPU
		Release|Any CPU = Release|Any CPU
	EndGlobalSection
	GlobalSection(ProjectConfigurationPlatforms) = postSolution
		{EBCCC8B3-4783-4652-8844-94B3725E662C}.Debug|Any CPU.ActiveCfg = Debug|Any CPU
		{EBCCC8B3-4783-4652-8844-94B3725E662C}.Debug|Any CPU.Build.0 = Debug|Any CPU
		{EBCCC8B3-4783-4652-8844-94B3725E662C}.Release|Any CPU.ActiveCfg = Release|Any CPU
		{EBCCC8B3-4783-4652-8844-94B3725E662C}.Release|Any CPU.Build.0 = Release|Any CPU
		{4CDA087B-6C72-4AD7-99D4-E7C3E0E50F08}.Debug|Any CPU.ActiveCfg = Debug|Any CPU
		{4CDA087B-6C72-4AD7-99D4-E7C3E0E50F08}.Debug|Any CPU.Build.0 = Debug|Any CPU
		{4CDA087B-6C72-4AD7-99D4-E7C3E0E50F08}.Release|Any CPU.ActiveCfg = Release|Any CPU
		{4CDA087B-6C72-4AD7-99D4-E7C3E0E50F08}.Release|Any CPU.Build.0 = Release|Any CPU
		{B959E588-3BD8-4313-B5B0-1BABEECE8FF6}.Debug|Any CPU.ActiveCfg = Debug|Any CPU
		{B959E588-3BD8-4313-B5B0-1BABEECE8FF6}.Debug|Any CPU.Build.0 = Debug|Any CPU
		{B959E588-3BD8-4313-B5B0-1BABEECE8FF6}.Release|Any CPU.ActiveCfg = Release|Any CPU
		{B959E588-3BD8-4313-B5B0-1BABEECE8FF6}.Release|Any CPU.Build.0 = Release|Any CPU
		{2F0A4BFE-71C2-4E43-B3E4-63D59CB63614}.Debug|Any CPU.ActiveCfg = Debug|Any CPU
		{2F0A4BFE-71C2-4E43-B3E4-63D59CB63614}.Debug|Any CPU.Build.0 = Debug|Any CPU
		{2F0A4BFE-71C2-4E43-B3E4-63D59CB63614}.Release|Any CPU.ActiveCfg = Release|Any CPU
		{2F0A4BFE-71C2-4E43-B3E4-63D59CB63614}.Release|Any CPU.Build.0 = Release|Any CPU
		{FE39AAFE-95A6-470D-92B9-2F95600F7E82}.Debug|Any CPU.ActiveCfg = Debug|Any CPU
		{FE39AAFE-95A6-470D-92B9-2F95600F7E82}.Debug|Any CPU.Build.0 = Debug|Any CPU
		{FE39AAFE-95A6-470D-92B9-2F95600F7E82}.Release|Any CPU.ActiveCfg = Release|Any CPU
		{FE39AAFE-95A6-470D-92B9-2F95600F7E82}.Release|Any CPU.Build.0 = Release|Any CPU
		{ECEE2DA0-4ACF-49FE-B83E-54BD3AEB4A0B}.Debug|Any CPU.ActiveCfg = Debug|Any CPU
		{ECEE2DA0-4ACF-49FE-B83E-54BD3AEB4A0B}.Debug|Any CPU.Build.0 = Debug|Any CPU
		{ECEE2DA0-4ACF-49FE-B83E-54BD3AEB4A0B}.Release|Any CPU.ActiveCfg = Release|Any CPU
		{ECEE2DA0-4ACF-49FE-B83E-54BD3AEB4A0B}.Release|Any CPU.Build.0 = Release|Any CPU
	EndGlobalSection
	GlobalSection(SolutionProperties) = preSolution
		HideSolutionNode = FALSE
	EndGlobalSection
	GlobalSection(ExtensibilityGlobals) = postSolution
		SolutionGuid = {EF8401C6-8A3A-4B89-98BB-ADA01C05241B}
	EndGlobalSection
EndGlobal
